
Microsoft Visual Studio Solution File, Format Version 12.00
# Visual Studio Version 17
VisualStudioVersion = 17.12.35514.174 d17.12
MinimumVisualStudioVersion = 10.0.40219.1
Project("{2150E333-8FDC-42A3-9474-1A3956D46DE8}") = "1-Vista", "1-Vista", "{F7DA219B-DA87-4A6E-9E76-60B8A3B27389}"
EndProject
Project("{2150E333-8FDC-42A3-9474-1A3956D46DE8}") = "2-Bussines", "2-Bussines", "{3E46BE95-0936-4E0A-9A37-9C029A052BF9}"
EndProject
Project("{2150E333-8FDC-42A3-9474-1A3956D46DE8}") = "3-Data", "3-Data", "{79844816-0B8B-46ED-B75B-429445E4B93B}"
EndProject
Project("{2150E333-8FDC-42A3-9474-1A3956D46DE8}") = "4-Model", "4-Model", "{2A9E0738-5DA4-4FF5-A5DF-C91D16D1299A}"
EndProject
Project("{FAE04EC0-301F-11D3-BF4B-00C04F79EFBC}") = "Login", "Login\Login.csproj", "{92BD250B-EF00-4F77-BE8C-28F3BF0DB4DD}"
EndProject
Project("{2150E333-8FDC-42A3-9474-1A3956D46DE8}") = "PapaNoel", "PapaNoel", "{BC1D3627-DDBA-43CD-8993-8753E12819F6}"
EndProject
Project("{2150E333-8FDC-42A3-9474-1A3956D46DE8}") = "Elfos", "Elfos", "{8E88DAFD-28EA-4BF4-A7F1-3F81C26C3AA7}"
EndProject
Project("{2150E333-8FDC-42A3-9474-1A3956D46DE8}") = "Niños", "Niños", "{C4D071CB-3CCD-4DF6-8E9D-DA497B440EC8}"
EndProject
Project("{FAE04EC0-301F-11D3-BF4B-00C04F79EFBC}") = "DataJson", "DataJson\DataJson.csproj", "{D4697F0E-FC30-40A9-89DE-1E3BA733FB2A}"
EndProject
Project("{FAE04EC0-301F-11D3-BF4B-00C04F79EFBC}") = "Bussines", "Bussines\Bussines.csproj", "{F4D494CA-8832-4A6F-9AAB-5571F767719B}"
EndProject
Global
	GlobalSection(SolutionConfigurationPlatforms) = preSolution
		Debug|Any CPU = Debug|Any CPU
		Release|Any CPU = Release|Any CPU
	EndGlobalSection
	GlobalSection(ProjectConfigurationPlatforms) = postSolution
		{92BD250B-EF00-4F77-BE8C-28F3BF0DB4DD}.Debug|Any CPU.ActiveCfg = Debug|Any CPU
		{92BD250B-EF00-4F77-BE8C-28F3BF0DB4DD}.Debug|Any CPU.Build.0 = Debug|Any CPU
		{92BD250B-EF00-4F77-BE8C-28F3BF0DB4DD}.Release|Any CPU.ActiveCfg = Release|Any CPU
		{92BD250B-EF00-4F77-BE8C-28F3BF0DB4DD}.Release|Any CPU.Build.0 = Release|Any CPU
		{D4697F0E-FC30-40A9-89DE-1E3BA733FB2A}.Debug|Any CPU.ActiveCfg = Debug|Any CPU
		{D4697F0E-FC30-40A9-89DE-1E3BA733FB2A}.Debug|Any CPU.Build.0 = Debug|Any CPU
		{D4697F0E-FC30-40A9-89DE-1E3BA733FB2A}.Release|Any CPU.ActiveCfg = Release|Any CPU
		{D4697F0E-FC30-40A9-89DE-1E3BA733FB2A}.Release|Any CPU.Build.0 = Release|Any CPU
		{F4D494CA-8832-4A6F-9AAB-5571F767719B}.Debug|Any CPU.ActiveCfg = Debug|Any CPU
		{F4D494CA-8832-4A6F-9AAB-5571F767719B}.Debug|Any CPU.Build.0 = Debug|Any CPU
		{F4D494CA-8832-4A6F-9AAB-5571F767719B}.Release|Any CPU.ActiveCfg = Release|Any CPU
		{F4D494CA-8832-4A6F-9AAB-5571F767719B}.Release|Any CPU.Build.0 = Release|Any CPU
	EndGlobalSection
	GlobalSection(SolutionProperties) = preSolution
		HideSolutionNode = FALSE
	EndGlobalSection
	GlobalSection(NestedProjects) = preSolution
		{92BD250B-EF00-4F77-BE8C-28F3BF0DB4DD} = {F7DA219B-DA87-4A6E-9E76-60B8A3B27389}
		{BC1D3627-DDBA-43CD-8993-8753E12819F6} = {F7DA219B-DA87-4A6E-9E76-60B8A3B27389}
		{8E88DAFD-28EA-4BF4-A7F1-3F81C26C3AA7} = {F7DA219B-DA87-4A6E-9E76-60B8A3B27389}
		{C4D071CB-3CCD-4DF6-8E9D-DA497B440EC8} = {F7DA219B-DA87-4A6E-9E76-60B8A3B27389}
		{D4697F0E-FC30-40A9-89DE-1E3BA733FB2A} = {79844816-0B8B-46ED-B75B-429445E4B93B}
		{F4D494CA-8832-4A6F-9AAB-5571F767719B} = {3E46BE95-0936-4E0A-9A37-9C029A052BF9}
	EndGlobalSection
EndGlobal
